// !$*UTF8*$!
{
	archiveVersion = 1;
	classes = {
	};
	objectVersion = 56;
	objects = {

/* Begin PBXBuildFile section */
		C1BF86DD2B601D3100C0F811 /* FruitView.swift in Sources */ = {isa = PBXBuildFile; fileRef = C1BF86DC2B601D3100C0F811 /* FruitView.swift */; };
		C1BF86E02B601EC200C0F811 /* ListView.swift in Sources */ = {isa = PBXBuildFile; fileRef = C1BF86DF2B601EC200C0F811 /* ListView.swift */; };
		C1E785782B59AE220081D085 /* Trading_cardsApp.swift in Sources */ = {isa = PBXBuildFile; fileRef = C1E785772B59AE220081D085 /* Trading_cardsApp.swift */; };
		C1E7857A2B59AE220081D085 /* PearView.swift in Sources */ = {isa = PBXBuildFile; fileRef = C1E785792B59AE220081D085 /* PearView.swift */; };
		C1E7857C2B59AE240081D085 /* Assets.xcassets in Resources */ = {isa = PBXBuildFile; fileRef = C1E7857B2B59AE240081D085 /* Assets.xcassets */; };
		C1E7857F2B59AE240081D085 /* Preview Assets.xcassets in Resources */ = {isa = PBXBuildFile; fileRef = C1E7857E2B59AE240081D085 /* Preview Assets.xcassets */; };
		C1E785892B5DE1180081D085 /* AppleView.swift in Sources */ = {isa = PBXBuildFile; fileRef = C1E785882B5DE1180081D085 /* AppleView.swift */; };
		C1E7858B2B5DE1D10081D085 /* BananaView.swift in Sources */ = {isa = PBXBuildFile; fileRef = C1E7858A2B5DE1D00081D085 /* BananaView.swift */; };
		C1E7858D2B5DE2890081D085 /* GrapeFruit.swift in Sources */ = {isa = PBXBuildFile; fileRef = C1E7858C2B5DE2890081D085 /* GrapeFruit.swift */; };
		C1E7858F2B5F50D40081D085 /* FruitStruct.swift in Sources */ = {isa = PBXBuildFile; fileRef = C1E7858E2B5F50D40081D085 /* FruitStruct.swift */; };
/* End PBXBuildFile section */

/* Begin PBXFileReference section */
		C1BF86DC2B601D3100C0F811 /* FruitView.swift */ = {isa = PBXFileReference; lastKnownFileType = sourcecode.swift; path = FruitView.swift; sourceTree = "<group>"; };
		C1BF86DF2B601EC200C0F811 /* ListView.swift */ = {isa = PBXFileReference; lastKnownFileType = sourcecode.swift; path = ListView.swift; sourceTree = "<group>"; };
		C1E785742B59AE220081D085 /* Trading cards.app */ = {isa = PBXFileReference; explicitFileType = wrapper.application; includeInIndex = 0; path = "Trading cards.app"; sourceTree = BUILT_PRODUCTS_DIR; };
		C1E785772B59AE220081D085 /* Trading_cardsApp.swift */ = {isa = PBXFileReference; lastKnownFileType = sourcecode.swift; path = Trading_cardsApp.swift; sourceTree = "<group>"; };
		C1E785792B59AE220081D085 /* PearView.swift */ = {isa = PBXFileReference; lastKnownFileType = sourcecode.swift; path = PearView.swift; sourceTree = "<group>"; };
		C1E7857B2B59AE240081D085 /* Assets.xcassets */ = {isa = PBXFileReference; lastKnownFileType = folder.assetcatalog; path = Assets.xcassets; sourceTree = "<group>"; };
		C1E7857E2B59AE240081D085 /* Preview Assets.xcassets */ = {isa = PBXFileReference; lastKnownFileType = folder.assetcatalog; path = "Preview Assets.xcassets"; sourceTree = "<group>"; };
		C1E785882B5DE1180081D085 /* AppleView.swift */ = {isa = PBXFileReference; lastKnownFileType = sourcecode.swift; path = AppleView.swift; sourceTree = "<group>"; };
		C1E7858A2B5DE1D00081D085 /* BananaView.swift */ = {isa = PBXFileReference; lastKnownFileType = sourcecode.swift; path = BananaView.swift; sourceTree = "<group>"; };
		C1E7858C2B5DE2890081D085 /* GrapeFruit.swift */ = {isa = PBXFileReference; lastKnownFileType = sourcecode.swift; path = GrapeFruit.swift; sourceTree = "<group>"; };
		C1E7858E2B5F50D40081D085 /* FruitStruct.swift */ = {isa = PBXFileReference; lastKnownFileType = sourcecode.swift; path = FruitStruct.swift; sourceTree = "<group>"; };
/* End PBXFileReference section */

/* Begin PBXFrameworksBuildPhase section */
		C1E785712B59AE220081D085 /* Frameworks */ = {
			isa = PBXFrameworksBuildPhase;
			buildActionMask = 2147483647;
			files = (
			);
			runOnlyForDeploymentPostprocessing = 0;
		};
/* End PBXFrameworksBuildPhase section */

/* Begin PBXGroup section */
		C1BF86DB2B601CCB00C0F811 /* Models */ = {
			isa = PBXGroup;
			children = (
				C1E7858E2B5F50D40081D085 /* FruitStruct.swift */,
			);
			path = Models;
			sourceTree = "<group>";
		};
		C1BF86DE2B601D5000C0F811 /* Views */ = {
			isa = PBXGroup;
			children = (
				C1BF86DC2B601D3100C0F811 /* FruitView.swift */,
				C1BF86DF2B601EC200C0F811 /* ListView.swift */,
			);
			path = Views;
			sourceTree = "<group>";
		};
		C1E7856B2B59AE210081D085 = {
			isa = PBXGroup;
			children = (
				C1E785762B59AE220081D085 /* Trading cards */,
				C1E785752B59AE220081D085 /* Products */,
			);
			sourceTree = "<group>";
		};
		C1E785752B59AE220081D085 /* Products */ = {
			isa = PBXGroup;
			children = (
				C1E785742B59AE220081D085 /* Trading cards.app */,
			);
			name = Products;
			sourceTree = "<group>";
		};
		C1E785762B59AE220081D085 /* Trading cards */ = {
			isa = PBXGroup;
			children = (
				C1E785772B59AE220081D085 /* Trading_cardsApp.swift */,
				C1BF86DE2B601D5000C0F811 /* Views */,
				C1BF86DB2B601CCB00C0F811 /* Models */,
				C1E785862B59B1EC0081D085 /* DetailView */,
				C1E7857B2B59AE240081D085 /* Assets.xcassets */,
				C1E7857D2B59AE240081D085 /* Preview Content */,
			);
			path = "Trading cards";
			sourceTree = "<group>";
		};
		C1E7857D2B59AE240081D085 /* Preview Content */ = {
			isa = PBXGroup;
			children = (
				C1E785852B59B1DB0081D085 /* New Group */,
				C1E7857E2B59AE240081D085 /* Preview Assets.xcassets */,
			);
			path = "Preview Content";
			sourceTree = "<group>";
		};
		C1E785852B59B1DB0081D085 /* New Group */ = {
			isa = PBXGroup;
			children = (
			);
			path = "New Group";
			sourceTree = "<group>";
		};
		C1E785862B59B1EC0081D085 /* DetailView */ = {
			isa = PBXGroup;
			children = (
				C1E785792B59AE220081D085 /* PearView.swift */,
				C1E7858A2B5DE1D00081D085 /* BananaView.swift */,
				C1E7858C2B5DE2890081D085 /* GrapeFruit.swift */,
				C1E785882B5DE1180081D085 /* AppleView.swift */,
				C1E785872B5DE0F10081D085 /* New Group */,
			);
			path = DetailView;
			sourceTree = "<group>";
		};
		C1E785872B5DE0F10081D085 /* New Group */ = {
			isa = PBXGroup;
			children = (
			);
			path = "New Group";
			sourceTree = "<group>";
		};
/* End PBXGroup section */

/* Begin PBXNativeTarget section */
		C1E785732B59AE220081D085 /* Trading cards */ = {
			isa = PBXNativeTarget;
			buildConfigurationList = C1E785822B59AE240081D085 /* Build configuration list for PBXNativeTarget "Trading cards" */;
			buildPhases = (
				C1E785702B59AE220081D085 /* Sources */,
				C1E785712B59AE220081D085 /* Frameworks */,
				C1E785722B59AE220081D085 /* Resources */,
			);
			buildRules = (
			);
			dependencies = (
			);
			name = "Trading cards";
			productName = "Trading cards";
			productReference = C1E785742B59AE220081D085 /* Trading cards.app */;
			productType = "com.apple.product-type.application";
		};
/* End PBXNativeTarget section */

/* Begin PBXProject section */
		C1E7856C2B59AE210081D085 /* Project object */ = {
			isa = PBXProject;
			attributes = {
				BuildIndependentTargetsInParallel = 1;
				LastSwiftUpdateCheck = 1520;
				LastUpgradeCheck = 1520;
				TargetAttributes = {
					C1E785732B59AE220081D085 = {
						CreatedOnToolsVersion = 15.2;
					};
				};
			};
			buildConfigurationList = C1E7856F2B59AE210081D085 /* Build configuration list for PBXProject "Trading cards" */;
			compatibilityVersion = "Xcode 14.0";
			developmentRegion = en;
			hasScannedForEncodings = 0;
			knownRegions = (
				en,
				Base,
			);
			mainGroup = C1E7856B2B59AE210081D085;
			productRefGroup = C1E785752B59AE220081D085 /* Products */;
			projectDirPath = "";
			projectRoot = "";
			targets = (
				C1E785732B59AE220081D085 /* Trading cards */,
			);
		};
/* End PBXProject section */

/* Begin PBXResourcesBuildPhase section */
		C1E785722B59AE220081D085 /* Resources */ = {
			isa = PBXResourcesBuildPhase;
			buildActionMask = 2147483647;
			files = (
				C1E7857F2B59AE240081D085 /* Preview Assets.xcassets in Resources */,
				C1E7857C2B59AE240081D085 /* Assets.xcassets in Resources */,
			);
			runOnlyForDeploymentPostprocessing = 0;
		};
/* End PBXResourcesBuildPhase section */

/* Begin PBXSourcesBuildPhase section */
		C1E785702B59AE220081D085 /* Sources */ = {
			isa = PBXSourcesBuildPhase;
			buildActionMask = 2147483647;
			files = (
				C1BF86E02B601EC200C0F811 /* ListView.swift in Sources */,
				C1E7857A2B59AE220081D085 /* PearView.swift in Sources */,
				C1E7858F2B5F50D40081D085 /* FruitStruct.swift in Sources */,
				C1E785892B5DE1180081D085 /* AppleView.swift in Sources */,
				C1E785782B59AE220081D085 /* Trading_cardsApp.swift in Sources */,
				C1BF86DD2B601D3100C0F811 /* FruitView.swift in Sources */,
				C1E7858B2B5DE1D10081D085 /* BananaView.swift in Sources */,
				C1E7858D2B5DE2890081D085 /* GrapeFruit.swift in Sources */,
			);
			runOnlyForDeploymentPostprocessing = 0;
		};
/* End PBXSourcesBuildPhase section */

/* Begin XCBuildConfiguration section */
		C1E785802B59AE240081D085 /* Debug */ = {
			isa = XCBuildConfiguration;
			buildSettings = {
				ALWAYS_SEARCH_USER_PATHS = NO;
				ASSETCATALOG_COMPILER_GENERATE_SWIFT_ASSET_SYMBOL_EXTENSIONS = YES;
				CLANG_ANALYZER_NONNULL = YES;
				CLANG_ANALYZER_NUMBER_OBJECT_CONVERSION = YES_AGGRESSIVE;
				CLANG_CXX_LANGUAGE_STANDARD = "gnu++20";
				CLANG_ENABLE_MODULES = YES;
				CLANG_ENABLE_OBJC_ARC = YES;
				CLANG_ENABLE_OBJC_WEAK = YES;
				CLANG_WARN_BLOCK_CAPTURE_AUTORELEASING = YES;
				CLANG_WARN_BOOL_CONVERSION = YES;
				CLANG_WARN_COMMA = YES;
				CLANG_WARN_CONSTANT_CONVERSION = YES;
				CLANG_WARN_DEPRECATED_OBJC_IMPLEMENTATIONS = YES;
				CLANG_WARN_DIRECT_OBJC_ISA_USAGE = YES_ERROR;
				CLANG_WARN_DOCUMENTATION_COMMENTS = YES;
				CLANG_WARN_EMPTY_BODY = YES;
				CLANG_WARN_ENUM_CONVERSION = YES;
				CLANG_WARN_INFINITE_RECURSION = YES;
				CLANG_WARN_INT_CONVERSION = YES;
				CLANG_WARN_NON_LITERAL_NULL_CONVERSION = YES;
				CLANG_WARN_OBJC_IMPLICIT_RETAIN_SELF = YES;
				CLANG_WARN_OBJC_LITERAL_CONVERSION = YES;
				CLANG_WARN_OBJC_ROOT_CLASS = YES_ERROR;
				CLANG_WARN_QUOTED_INCLUDE_IN_FRAMEWORK_HEADER = YES;
				CLANG_WARN_RANGE_LOOP_ANALYSIS = YES;
				CLANG_WARN_STRICT_PROTOTYPES = YES;
				CLANG_WARN_SUSPICIOUS_MOVE = YES;
				CLANG_WARN_UNGUARDED_AVAILABILITY = YES_AGGRESSIVE;
				CLANG_WARN_UNREACHABLE_CODE = YES;
				CLANG_WARN__DUPLICATE_METHOD_MATCH = YES;
				COPY_PHASE_STRIP = NO;
				DEBUG_INFORMATION_FORMAT = dwarf;
				ENABLE_STRICT_OBJC_MSGSEND = YES;
				ENABLE_TESTABILITY = YES;
				ENABLE_USER_SCRIPT_SANDBOXING = YES;
				GCC_C_LANGUAGE_STANDARD = gnu17;
				GCC_DYNAMIC_NO_PIC = NO;
				GCC_NO_COMMON_BLOCKS = YES;
				GCC_OPTIMIZATION_LEVEL = 0;
				GCC_PREPROCESSOR_DEFINITIONS = (
					"DEBUG=1",
					"$(inherited)",
				);
				GCC_WARN_64_TO_32_BIT_CONVERSION = YES;
				GCC_WARN_ABOUT_RETURN_TYPE = YES_ERROR;
				GCC_WARN_UNDECLARED_SELECTOR = YES;
				GCC_WARN_UNINITIALIZED_AUTOS = YES_AGGRESSIVE;
				GCC_WARN_UNUSED_FUNCTION = YES;
				GCC_WARN_UNUSED_VARIABLE = YES;
				IPHONEOS_DEPLOYMENT_TARGET = 17.2;
				LOCALIZATION_PREFERS_STRING_CATALOGS = YES;
				MTL_ENABLE_DEBUG_INFO = INCLUDE_SOURCE;
				MTL_FAST_MATH = YES;
				ONLY_ACTIVE_ARCH = YES;
				SDKROOT = iphoneos;
				SWIFT_ACTIVE_COMPILATION_CONDITIONS = "DEBUG $(inherited)";
				SWIFT_OPTIMIZATION_LEVEL = "-Onone";
			};
			name = Debug;
		};
		C1E785812B59AE240081D085 /* Release */ = {
			isa = XCBuildConfiguration;
			buildSettings = {
				ALWAYS_SEARCH_USER_PATHS = NO;
				ASSETCATALOG_COMPILER_GENERATE_SWIFT_ASSET_SYMBOL_EXTENSIONS = YES;
				CLANG_ANALYZER_NONNULL = YES;
				CLANG_ANALYZER_NUMBER_OBJECT_CONVERSION = YES_AGGRESSIVE;
				CLANG_CXX_LANGUAGE_STANDARD = "gnu++20";
				CLANG_ENABLE_MODULES = YES;
				CLANG_ENABLE_OBJC_ARC = YES;
				CLANG_ENABLE_OBJC_WEAK = YES;
				CLANG_WARN_BLOCK_CAPTURE_AUTORELEASING = YES;
				CLANG_WARN_BOOL_CONVERSION = YES;
				CLANG_WARN_COMMA = YES;
				CLANG_WARN_CONSTANT_CONVERSION = YES;
				CLANG_WARN_DEPRECATED_OBJC_IMPLEMENTATIONS = YES;
				CLANG_WARN_DIRECT_OBJC_ISA_USAGE = YES_ERROR;
				CLANG_WARN_DOCUMENTATION_COMMENTS = YES;
				CLANG_WARN_EMPTY_BODY = YES;
				CLANG_WARN_ENUM_CONVERSION = YES;
				CLANG_WARN_INFINITE_RECURSION = YES;
				CLANG_WARN_INT_CONVERSION = YES;
				CLANG_WARN_NON_LITERAL_NULL_CONVERSION = YES;
				CLANG_WARN_OBJC_IMPLICIT_RETAIN_SELF = YES;
				CLANG_WARN_OBJC_LITERAL_CONVERSION = YES;
				CLANG_WARN_OBJC_ROOT_CLASS = YES_ERROR;
				CLANG_WARN_QUOTED_INCLUDE_IN_FRAMEWORK_HEADER = YES;
				CLANG_WARN_RANGE_LOOP_ANALYSIS = YES;
				CLANG_WARN_STRICT_PROTOTYPES = YES;
				CLANG_WARN_SUSPICIOUS_MOVE = YES;
				CLANG_WARN_UNGUARDED_AVAILABILITY = YES_AGGRESSIVE;
				CLANG_WARN_UNREACHABLE_CODE = YES;
				CLANG_WARN__DUPLICATE_METHOD_MATCH = YES;
				COPY_PHASE_STRIP = NO;
				DEBUG_INFORMATION_FORMAT = "dwarf-with-dsym";
				ENABLE_NS_ASSERTIONS = NO;
				ENABLE_STRICT_OBJC_MSGSEND = YES;
				ENABLE_USER_SCRIPT_SANDBOXING = YES;
				GCC_C_LANGUAGE_STANDARD = gnu17;
				GCC_NO_COMMON_BLOCKS = YES;
				GCC_WARN_64_TO_32_BIT_CONVERSION = YES;
				GCC_WARN_ABOUT_RETURN_TYPE = YES_ERROR;
				GCC_WARN_UNDECLARED_SELECTOR = YES;
				GCC_WARN_UNINITIALIZED_AUTOS = YES_AGGRESSIVE;
				GCC_WARN_UNUSED_FUNCTION = YES;
				GCC_WARN_UNUSED_VARIABLE = YES;
				IPHONEOS_DEPLOYMENT_TARGET = 17.2;
				LOCALIZATION_PREFERS_STRING_CATALOGS = YES;
				MTL_ENABLE_DEBUG_INFO = NO;
				MTL_FAST_MATH = YES;
				SDKROOT = iphoneos;
				SWIFT_COMPILATION_MODE = wholemodule;
				VALIDATE_PRODUCT = YES;
			};
			name = Release;
		};
		C1E785832B59AE240081D085 /* Debug */ = {
			isa = XCBuildConfiguration;
			buildSettings = {
				ASSETCATALOG_COMPILER_APPICON_NAME = AppIcon;
				ASSETCATALOG_COMPILER_GLOBAL_ACCENT_COLOR_NAME = AccentColor;
				CODE_SIGN_STYLE = Automatic;
				CURRENT_PROJECT_VERSION = 1;
				DEVELOPMENT_ASSET_PATHS = "\"Trading cards/Preview Content\"";
				DEVELOPMENT_TEAM = 5PWMQSWZ4U;
				ENABLE_PREVIEWS = YES;
				GENERATE_INFOPLIST_FILE = YES;
				INFOPLIST_KEY_UIApplicationSceneManifest_Generation = YES;
				INFOPLIST_KEY_UIApplicationSupportsIndirectInputEvents = YES;
				INFOPLIST_KEY_UILaunchScreen_Generation = YES;
				INFOPLIST_KEY_UISupportedInterfaceOrientations_iPad = "UIInterfaceOrientationPortrait UIInterfaceOrientationPortraitUpsideDown UIInterfaceOrientationLandscapeLeft UIInterfaceOrientationLandscapeRight";
				INFOPLIST_KEY_UISupportedInterfaceOrientations_iPhone = "UIInterfaceOrientationPortrait UIInterfaceOrientationLandscapeLeft UIInterfaceOrientationLandscapeRight";
				LD_RUNPATH_SEARCH_PATHS = (
					"$(inherited)",
					"@executable_path/Frameworks",
				);
				MARKETING_VERSION = 1.0;
				PRODUCT_BUNDLE_IDENTIFIER = "ca.DanikaPeet.Trading-cards";
				PRODUCT_NAME = "$(TARGET_NAME)";
				SWIFT_EMIT_LOC_STRINGS = YES;
				SWIFT_VERSION = 5.0;
				TARGETED_DEVICE_FAMILY = "1,2";
			};
			name = Debug;
		};
		C1E785842B59AE240081D085 /* Release */ = {
			isa = XCBuildConfiguration;
			buildSettings = {
				ASSETCATALOG_COMPILER_APPICON_NAME = AppIcon;
				ASSETCATALOG_COMPILER_GLOBAL_ACCENT_COLOR_NAME = AccentColor;
				CODE_SIGN_STYLE = Automatic;
				CURRENT_PROJECT_VERSION = 1;
				DEVELOPMENT_ASSET_PATHS = "\"Trading cards/Preview Content\"";
				DEVELOPMENT_TEAM = 5PWMQSWZ4U;
				ENABLE_PREVIEWS = YES;
				GENERATE_INFOPLIST_FILE = YES;
				INFOPLIST_KEY_UIApplicationSceneManifest_Generation = YES;
				INFOPLIST_KEY_UIApplicationSupportsIndirectInputEvents = YES;
				INFOPLIST_KEY_UILaunchScreen_Generation = YES;
				INFOPLIST_KEY_UISupportedInterfaceOrientations_iPad = "UIInterfaceOrientationPortrait UIInterfaceOrientationPortraitUpsideDown UIInterfaceOrientationLandscapeLeft UIInterfaceOrientationLandscapeRight";
				INFOPLIST_KEY_UISupportedInterfaceOrientations_iPhone = "UIInterfaceOrientationPortrait UIInterfaceOrientationLandscapeLeft UIInterfaceOrientationLandscapeRight";
				LD_RUNPATH_SEARCH_PATHS = (
					"$(inherited)",
					"@executable_path/Frameworks",
				);
				MARKETING_VERSION = 1.0;
				PRODUCT_BUNDLE_IDENTIFIER = "ca.DanikaPeet.Trading-cards";
				PRODUCT_NAME = "$(TARGET_NAME)";
				SWIFT_EMIT_LOC_STRINGS = YES;
				SWIFT_VERSION = 5.0;
				TARGETED_DEVICE_FAMILY = "1,2";
			};
			name = Release;
		};
/* End XCBuildConfiguration section */

/* Begin XCConfigurationList section */
		C1E7856F2B59AE210081D085 /* Build configuration list for PBXProject "Trading cards" */ = {
			isa = XCConfigurationList;
			buildConfigurations = (
				C1E785802B59AE240081D085 /* Debug */,
				C1E785812B59AE240081D085 /* Release */,
			);
			defaultConfigurationIsVisible = 0;
			defaultConfigurationName = Release;
		};
		C1E785822B59AE240081D085 /* Build configuration list for PBXNativeTarget "Trading cards" */ = {
			isa = XCConfigurationList;
			buildConfigurations = (
				C1E785832B59AE240081D085 /* Debug */,
				C1E785842B59AE240081D085 /* Release */,
			);
			defaultConfigurationIsVisible = 0;
			defaultConfigurationName = Release;
		};
/* End XCConfigurationList section */
	};
	rootObject = C1E7856C2B59AE210081D085 /* Project object */;
}
